<?xml version="1.0" encoding="utf-8"?>
<Project ToolsVersion="4.0" xmlns="http://schemas.microsoft.com/developer/msbuild/2003">
  <ItemGroup>
    <Filter Include="源文件">
      <UniqueIdentifier>{4FC737F1-C7A5-4376-A066-2A32D752A2FF}</UniqueIdentifier>
      <Extensions>cpp;c;cc;cxx;c++;cppm;ixx;def;odl;idl;hpj;bat;asm;asmx</Extensions>
    </Filter>
    <Filter Include="头文件">
      <UniqueIdentifier>{93995380-89BD-4b04-88EB-625FBE52EBFB}</UniqueIdentifier>
      <Extensions>h;hh;hpp;hxx;h++;hm;inl;inc;ipp;xsd</Extensions>
    </Filter>
    <Filter Include="资源文件">
      <UniqueIdentifier>{67DA6AB6-F800-4c08-8B7A-83BB121AAD01}</UniqueIdentifier>
      <Extensions>rc;ico;cur;bmp;dlg;rc2;rct;bin;rgs;gif;jpg;jpeg;jpe;resx;tiff;tif;png;wav;mfcribbon-ms</Extensions>
    </Filter>
    <Filter Include="源文件\000_编程基础">
      <UniqueIdentifier>{eb22e87d-0676-4ebe-b33c-1b4a52a51bfe}</UniqueIdentifier>
    </Filter>
    <Filter Include="源文件\001_界面例子">
      <UniqueIdentifier>{ee39abd2-3891-4b41-a0e9-3d3f584264a8}</UniqueIdentifier>
    </Filter>
    <Filter Include="源文件\002_服务管理">
      <UniqueIdentifier>{7e77b58d-b616-4cfe-8594-b24d531b7210}</UniqueIdentifier>
    </Filter>
  </ItemGroup>
  <ItemGroup>
    <ClCompile Include="main.cpp">
      <Filter>源文件</Filter>
    </ClCompile>
    <ClCompile Include="000_编程基础\000_000_控制台.cpp">
      <Filter>源文件\000_编程基础</Filter>
    </ClCompile>
    <ClCompile Include="000_编程基础\000_001_字符串.cpp">
      <Filter>源文件\000_编程基础</Filter>
    </ClCompile>
    <ClCompile Include="000_编程基础\000_002_进程.cpp">
      <Filter>源文件\000_编程基础</Filter>
    </ClCompile>
    <ClCompile Include="000_编程基础\000_003_线程.cpp">
      <Filter>源文件\000_编程基础</Filter>
    </ClCompile>
    <ClCompile Include="000_编程基础\000_004_线程安全.cpp">
      <Filter>源文件\000_编程基础</Filter>
    </ClCompile>
    <ClCompile Include="000_编程基础\000_005_窗口逻辑.cpp">
      <Filter>源文件\000_编程基础</Filter>
    </ClCompile>
    <ClCompile Include="000_编程基础\000_006_窗口管理.cpp">
      <Filter>源文件\000_编程基础</Filter>
    </ClCompile>
    <ClCompile Include="000_编程基础\000_007_对话框.cpp">
      <Filter>源文件\000_编程基础</Filter>
    </ClCompile>
    <ClCompile Include="000_编程基础\000_008_GDI.cpp">
      <Filter>源文件\000_编程基础</Filter>
    </ClCompile>
    <ClCompile Include="000_编程基础\000_010_文件系统.cpp">
      <Filter>源文件\000_编程基础</Filter>
    </ClCompile>
    <ClCompile Include="000_编程基础\000_011_动态链接库.cpp">
      <Filter>源文件\000_编程基础</Filter>
    </ClCompile>
    <ClCompile Include="000_编程基础\000_012_静态链接库.cpp">
      <Filter>源文件\000_编程基础</Filter>
    </ClCompile>
    <ClCompile Include="000_编程基础\000_009_子窗口控件_窗口配置.cpp">
      <Filter>源文件\000_编程基础</Filter>
    </ClCompile>
    <ClCompile Include="000_编程基础\000_013_内存管理.cpp">
      <Filter>源文件\000_编程基础</Filter>
    </ClCompile>
    <ClCompile Include="001_000_滚动条.cpp">
      <Filter>源文件\001_界面例子</Filter>
    </ClCompile>
    <ClCompile Include="001_001_数字时钟.cpp">
      <Filter>源文件\001_界面例子</Filter>
    </ClCompile>
    <ClCompile Include="001_002_模拟时钟.cpp">
      <Filter>源文件\001_界面例子</Filter>
    </ClCompile>
    <ClCompile Include="001_003_typer.cpp">
      <Filter>源文件\001_界面例子</Filter>
    </ClCompile>
    <ClCompile Include="002_000_DriverLoader.cpp">
      <Filter>源文件\002_服务管理</Filter>
    </ClCompile>
    <ClCompile Include="002_001_Service.cpp">
      <Filter>源文件\002_服务管理</Filter>
    </ClCompile>
    <ClCompile Include="002_002_ServiceManager.cpp">
      <Filter>源文件\002_服务管理</Filter>
    </ClCompile>
    <ClCompile Include="001_004_窗口特效.cpp">
      <Filter>源文件\001_界面例子</Filter>
    </ClCompile>
    <ClCompile Include="000_014_IPC.cpp">
      <Filter>源文件\000_编程基础</Filter>
    </ClCompile>
    <ClCompile Include="000_015_系统信息.cpp">
      <Filter>源文件\000_编程基础</Filter>
    </ClCompile>
    <ClCompile Include="000_016_模块.cpp">
      <Filter>源文件\000_编程基础</Filter>
    </ClCompile>
    <ClCompile Include="000_017_TLS.cpp">
      <Filter>源文件\000_编程基础</Filter>
    </ClCompile>
    <ClCompile Include="000_018_VEH.cpp">
      <Filter>源文件\000_编程基础</Filter>
    </ClCompile>
  </ItemGroup>
  <ItemGroup>
    <ClInclude Include="common.h">
      <Filter>头文件</Filter>
    </ClInclude>
    <ClInclude Include="resource.h">
      <Filter>头文件</Filter>
    </ClInclude>
  </ItemGroup>
  <ItemGroup>
    <ResourceCompile Include="0000_WinR3.rc">
      <Filter>资源文件</Filter>
    </ResourceCompile>
  </ItemGroup>
  <ItemGroup>
    <Image Include="bitmap1.bmp">
      <Filter>资源文件</Filter>
    </Image>
    <Image Include="icon1.ico">
      <Filter>资源文件</Filter>
    </Image>
  </ItemGroup>
</Project>